// !$*UTF8*$!
{
	archiveVersion = 1;
	classes = {
	};
	objectVersion = 48;
	objects = {

/* Begin PBXBuildFile section */
		109254311F25C65100A93A13 /* Disk.framework in Frameworks */ = {isa = PBXBuildFile; fileRef = 109254301F25C65100A93A13 /* Disk.framework */; };
		109254321F25C65100A93A13 /* Disk.framework in Embed Frameworks */ = {isa = PBXBuildFile; fileRef = 109254301F25C65100A93A13 /* Disk.framework */; settings = {ATTRIBUTES = (CodeSignOnCopy, RemoveHeadersOnCopy, ); }; };
		109256681F248E8800B3C32A /* AppDelegate.swift in Sources */ = {isa = PBXBuildFile; fileRef = 109256671F248E8800B3C32A /* AppDelegate.swift */; };
		1092566A1F248E8800B3C32A /* ViewController.swift in Sources */ = {isa = PBXBuildFile; fileRef = 109256691F248E8800B3C32A /* ViewController.swift */; };
		1092566D1F248E8800B3C32A /* Main.storyboard in Resources */ = {isa = PBXBuildFile; fileRef = 1092566B1F248E8800B3C32A /* Main.storyboard */; };
		1092566F1F248E8800B3C32A /* Assets.xcassets in Resources */ = {isa = PBXBuildFile; fileRef = 1092566E1F248E8800B3C32A /* Assets.xcassets */; };
		109256721F248E8800B3C32A /* LaunchScreen.storyboard in Resources */ = {isa = PBXBuildFile; fileRef = 109256701F248E8800B3C32A /* LaunchScreen.storyboard */; };
		D716BBAF229E723500B8E759 /* Interface.storyboard in Resources */ = {isa = PBXBuildFile; fileRef = D716BBAD229E723500B8E759 /* Interface.storyboard */; };
		D716BBB1229E723600B8E759 /* Assets.xcassets in Resources */ = {isa = PBXBuildFile; fileRef = D716BBB0229E723600B8E759 /* Assets.xcassets */; };
		D716BBB8229E723700B8E759 /* DiskWatchExample Extension.appex in Embed App Extensions */ = {isa = PBXBuildFile; fileRef = D716BBB7229E723700B8E759 /* DiskWatchExample Extension.appex */; settings = {ATTRIBUTES = (RemoveHeadersOnCopy, ); }; };
		D716BBBD229E723700B8E759 /* InterfaceController.swift in Sources */ = {isa = PBXBuildFile; fileRef = D716BBBC229E723700B8E759 /* InterfaceController.swift */; };
		D716BBBF229E723700B8E759 /* ExtensionDelegate.swift in Sources */ = {isa = PBXBuildFile; fileRef = D716BBBE229E723700B8E759 /* ExtensionDelegate.swift */; };
		D716BBC1229E723700B8E759 /* NotificationController.swift in Sources */ = {isa = PBXBuildFile; fileRef = D716BBC0229E723700B8E759 /* NotificationController.swift */; };
		D716BBC3229E723800B8E759 /* Assets.xcassets in Resources */ = {isa = PBXBuildFile; fileRef = D716BBC2229E723800B8E759 /* Assets.xcassets */; };
		D716BBC8229E723800B8E759 /* DiskWatchExample.app in Embed Watch Content */ = {isa = PBXBuildFile; fileRef = D716BBAB229E723500B8E759 /* DiskWatchExample.app */; };
		D716BBD8229E726500B8E759 /* AppDelegate.swift in Sources */ = {isa = PBXBuildFile; fileRef = D716BBD7229E726500B8E759 /* AppDelegate.swift */; };
		D716BBDA229E726500B8E759 /* ViewController.swift in Sources */ = {isa = PBXBuildFile; fileRef = D716BBD9229E726500B8E759 /* ViewController.swift */; };
		D716BBDD229E726500B8E759 /* Main.storyboard in Resources */ = {isa = PBXBuildFile; fileRef = D716BBDB229E726500B8E759 /* Main.storyboard */; };
		D716BBDF229E726700B8E759 /* Assets.xcassets in Resources */ = {isa = PBXBuildFile; fileRef = D716BBDE229E726700B8E759 /* Assets.xcassets */; };
		D716BBEB229E727A00B8E759 /* AppDelegate.swift in Sources */ = {isa = PBXBuildFile; fileRef = D716BBEA229E727A00B8E759 /* AppDelegate.swift */; };
		D716BBED229E727A00B8E759 /* ViewController.swift in Sources */ = {isa = PBXBuildFile; fileRef = D716BBEC229E727A00B8E759 /* ViewController.swift */; };
		D716BBEF229E727B00B8E759 /* Assets.xcassets in Resources */ = {isa = PBXBuildFile; fileRef = D716BBEE229E727B00B8E759 /* Assets.xcassets */; };
		D716BBF2229E727B00B8E759 /* Main.storyboard in Resources */ = {isa = PBXBuildFile; fileRef = D716BBF0229E727B00B8E759 /* Main.storyboard */; };
		D716BC0E229E8B8600B8E759 /* Post.swift in Sources */ = {isa = PBXBuildFile; fileRef = D716BC0C229E8B8600B8E759 /* Post.swift */; };
		D716BC0F229E8B8600B8E759 /* Post.swift in Sources */ = {isa = PBXBuildFile; fileRef = D716BC0C229E8B8600B8E759 /* Post.swift */; };
		D716BC10229E8B8600B8E759 /* Post.swift in Sources */ = {isa = PBXBuildFile; fileRef = D716BC0C229E8B8600B8E759 /* Post.swift */; };
		D716BC11229E8B8600B8E759 /* Post.swift in Sources */ = {isa = PBXBuildFile; fileRef = D716BC0C229E8B8600B8E759 /* Post.swift */; };
		D716BC12229E8B8600B8E759 /* GetPosts.swift in Sources */ = {isa = PBXBuildFile; fileRef = D716BC0D229E8B8600B8E759 /* GetPosts.swift */; };
		D716BC13229E8B8600B8E759 /* GetPosts.swift in Sources */ = {isa = PBXBuildFile; fileRef = D716BC0D229E8B8600B8E759 /* GetPosts.swift */; };
		D716BC14229E8B8600B8E759 /* GetPosts.swift in Sources */ = {isa = PBXBuildFile; fileRef = D716BC0D229E8B8600B8E759 /* GetPosts.swift */; };
		D716BC15229E8B8600B8E759 /* GetPosts.swift in Sources */ = {isa = PBXBuildFile; fileRef = D716BC0D229E8B8600B8E759 /* GetPosts.swift */; };
		D716BC19229EBE4A00B8E759 /* Disk.framework in Frameworks */ = {isa = PBXBuildFile; fileRef = D716BC18229EBE4A00B8E759 /* Disk.framework */; };
/* End PBXBuildFile section */

/* Begin PBXContainerItemProxy section */
		D716BBB9229E723700B8E759 /* PBXContainerItemProxy */ = {
			isa = PBXContainerItemProxy;
			containerPortal = 1092565C1F248E8800B3C32A /* Project object */;
			proxyType = 1;
			remoteGlobalIDString = D716BBB6229E723700B8E759;
			remoteInfo = "DiskWatchExample Extension";
		};
		D716BBC6229E723800B8E759 /* PBXContainerItemProxy */ = {
			isa = PBXContainerItemProxy;
			containerPortal = 1092565C1F248E8800B3C32A /* Project object */;
			proxyType = 1;
			remoteGlobalIDString = D716BBAA229E723500B8E759;
			remoteInfo = DiskWatchExample;
		};
/* End PBXContainerItemProxy section */

/* Begin PBXCopyFilesBuildPhase section */
		109254331F25C65100A93A13 /* Embed Frameworks */ = {
			isa = PBXCopyFilesBuildPhase;
			buildActionMask = 2147483647;
			dstPath = "";
			dstSubfolderSpec = 10;
			files = (
				109254321F25C65100A93A13 /* Disk.framework in Embed Frameworks */,
			);
			name = "Embed Frameworks";
			runOnlyForDeploymentPostprocessing = 0;
		};
		D716BBCE229E723800B8E759 /* Embed App Extensions */ = {
			isa = PBXCopyFilesBuildPhase;
			buildActionMask = 2147483647;
			dstPath = "";
			dstSubfolderSpec = 13;
			files = (
				D716BBB8229E723700B8E759 /* DiskWatchExample Extension.appex in Embed App Extensions */,
			);
			name = "Embed App Extensions";
			runOnlyForDeploymentPostprocessing = 0;
		};
		D716BBD0229E723800B8E759 /* Embed Watch Content */ = {
			isa = PBXCopyFilesBuildPhase;
			buildActionMask = 2147483647;
			dstPath = "$(CONTENTS_FOLDER_PATH)/Watch";
			dstSubfolderSpec = 16;
			files = (
				D716BBC8229E723800B8E759 /* DiskWatchExample.app in Embed Watch Content */,
			);
			name = "Embed Watch Content";
			runOnlyForDeploymentPostprocessing = 0;
		};
/* End PBXCopyFilesBuildPhase section */

/* Begin PBXFileReference section */
		109254301F25C65100A93A13 /* Disk.framework */ = {isa = PBXFileReference; explicitFileType = wrapper.framework; path = Disk.framework; sourceTree = BUILT_PRODUCTS_DIR; };
		109256641F248E8800B3C32A /* DiskIOSExample.app */ = {isa = PBXFileReference; explicitFileType = wrapper.application; includeInIndex = 0; path = DiskIOSExample.app; sourceTree = BUILT_PRODUCTS_DIR; };
		109256671F248E8800B3C32A /* AppDelegate.swift */ = {isa = PBXFileReference; lastKnownFileType = sourcecode.swift; path = AppDelegate.swift; sourceTree = "<group>"; };
		109256691F248E8800B3C32A /* ViewController.swift */ = {isa = PBXFileReference; lastKnownFileType = sourcecode.swift; path = ViewController.swift; sourceTree = "<group>"; };
		1092566C1F248E8800B3C32A /* Base */ = {isa = PBXFileReference; lastKnownFileType = file.storyboard; name = Base; path = Base.lproj/Main.storyboard; sourceTree = "<group>"; };
		1092566E1F248E8800B3C32A /* Assets.xcassets */ = {isa = PBXFileReference; lastKnownFileType = folder.assetcatalog; path = Assets.xcassets; sourceTree = "<group>"; };
		109256711F248E8800B3C32A /* Base */ = {isa = PBXFileReference; lastKnownFileType = file.storyboard; name = Base; path = Base.lproj/LaunchScreen.storyboard; sourceTree = "<group>"; };
		109256731F248E8800B3C32A /* Info.plist */ = {isa = PBXFileReference; lastKnownFileType = text.plist.xml; path = Info.plist; sourceTree = "<group>"; };
		D716BBAB229E723500B8E759 /* DiskWatchExample.app */ = {isa = PBXFileReference; explicitFileType = wrapper.application; includeInIndex = 0; path = DiskWatchExample.app; sourceTree = BUILT_PRODUCTS_DIR; };
		D716BBAE229E723500B8E759 /* Base */ = {isa = PBXFileReference; lastKnownFileType = file.storyboard; name = Base; path = Base.lproj/Interface.storyboard; sourceTree = "<group>"; };
		D716BBB0229E723600B8E759 /* Assets.xcassets */ = {isa = PBXFileReference; lastKnownFileType = folder.assetcatalog; path = Assets.xcassets; sourceTree = "<group>"; };
		D716BBB2229E723700B8E759 /* Info.plist */ = {isa = PBXFileReference; lastKnownFileType = text.plist.xml; path = Info.plist; sourceTree = "<group>"; };
		D716BBB7229E723700B8E759 /* DiskWatchExample Extension.appex */ = {isa = PBXFileReference; explicitFileType = "wrapper.app-extension"; includeInIndex = 0; path = "DiskWatchExample Extension.appex"; sourceTree = BUILT_PRODUCTS_DIR; };
		D716BBBC229E723700B8E759 /* InterfaceController.swift */ = {isa = PBXFileReference; lastKnownFileType = sourcecode.swift; path = InterfaceController.swift; sourceTree = "<group>"; };
		D716BBBE229E723700B8E759 /* ExtensionDelegate.swift */ = {isa = PBXFileReference; lastKnownFileType = sourcecode.swift; path = ExtensionDelegate.swift; sourceTree = "<group>"; };
		D716BBC0229E723700B8E759 /* NotificationController.swift */ = {isa = PBXFileReference; lastKnownFileType = sourcecode.swift; path = NotificationController.swift; sourceTree = "<group>"; };
		D716BBC2229E723800B8E759 /* Assets.xcassets */ = {isa = PBXFileReference; lastKnownFileType = folder.assetcatalog; path = Assets.xcassets; sourceTree = "<group>"; };
		D716BBC4229E723800B8E759 /* Info.plist */ = {isa = PBXFileReference; lastKnownFileType = text.plist.xml; path = Info.plist; sourceTree = "<group>"; };
		D716BBC5229E723800B8E759 /* PushNotificationPayload.apns */ = {isa = PBXFileReference; lastKnownFileType = text; path = PushNotificationPayload.apns; sourceTree = "<group>"; };
		D716BBD5229E726500B8E759 /* DiskTVExample.app */ = {isa = PBXFileReference; explicitFileType = wrapper.application; includeInIndex = 0; path = DiskTVExample.app; sourceTree = BUILT_PRODUCTS_DIR; };
		D716BBD7229E726500B8E759 /* AppDelegate.swift */ = {isa = PBXFileReference; lastKnownFileType = sourcecode.swift; path = AppDelegate.swift; sourceTree = "<group>"; };
		D716BBD9229E726500B8E759 /* ViewController.swift */ = {isa = PBXFileReference; lastKnownFileType = sourcecode.swift; path = ViewController.swift; sourceTree = "<group>"; };
		D716BBDC229E726500B8E759 /* Base */ = {isa = PBXFileReference; lastKnownFileType = file.storyboard; name = Base; path = Base.lproj/Main.storyboard; sourceTree = "<group>"; };
		D716BBDE229E726700B8E759 /* Assets.xcassets */ = {isa = PBXFileReference; lastKnownFileType = folder.assetcatalog; path = Assets.xcassets; sourceTree = "<group>"; };
		D716BBE0229E726700B8E759 /* Info.plist */ = {isa = PBXFileReference; lastKnownFileType = text.plist.xml; path = Info.plist; sourceTree = "<group>"; };
		D716BBE8229E727A00B8E759 /* DiskMacExample.app */ = {isa = PBXFileReference; explicitFileType = wrapper.application; includeInIndex = 0; path = DiskMacExample.app; sourceTree = BUILT_PRODUCTS_DIR; };
		D716BBEA229E727A00B8E759 /* AppDelegate.swift */ = {isa = PBXFileReference; lastKnownFileType = sourcecode.swift; path = AppDelegate.swift; sourceTree = "<group>"; };
		D716BBEC229E727A00B8E759 /* ViewController.swift */ = {isa = PBXFileReference; lastKnownFileType = sourcecode.swift; path = ViewController.swift; sourceTree = "<group>"; };
		D716BBEE229E727B00B8E759 /* Assets.xcassets */ = {isa = PBXFileReference; lastKnownFileType = folder.assetcatalog; path = Assets.xcassets; sourceTree = "<group>"; };
		D716BBF1229E727B00B8E759 /* Base */ = {isa = PBXFileReference; lastKnownFileType = file.storyboard; name = Base; path = Base.lproj/Main.storyboard; sourceTree = "<group>"; };
		D716BBF3229E727B00B8E759 /* Info.plist */ = {isa = PBXFileReference; lastKnownFileType = text.plist.xml; path = Info.plist; sourceTree = "<group>"; };
		D716BBF4229E727B00B8E759 /* DiskMacExample.entitlements */ = {isa = PBXFileReference; lastKnownFileType = text.plist.entitlements; path = DiskMacExample.entitlements; sourceTree = "<group>"; };
		D716BC0C229E8B8600B8E759 /* Post.swift */ = {isa = PBXFileReference; fileEncoding = 4; lastKnownFileType = sourcecode.swift; path = Post.swift; sourceTree = "<group>"; };
		D716BC0D229E8B8600B8E759 /* GetPosts.swift */ = {isa = PBXFileReference; fileEncoding = 4; lastKnownFileType = sourcecode.swift; path = GetPosts.swift; sourceTree = "<group>"; };
		D716BC16229EBC9D00B8E759 /* Disk.framework */ = {isa = PBXFileReference; explicitFileType = wrapper.framework; path = Disk.framework; sourceTree = BUILT_PRODUCTS_DIR; };
		D716BC18229EBE4A00B8E759 /* Disk.framework */ = {isa = PBXFileReference; explicitFileType = wrapper.framework; path = Disk.framework; sourceTree = BUILT_PRODUCTS_DIR; };
/* End PBXFileReference section */

/* Begin PBXFrameworksBuildPhase section */
		109256611F248E8800B3C32A /* Frameworks */ = {
			isa = PBXFrameworksBuildPhase;
			buildActionMask = 2147483647;
			files = (
				109254311F25C65100A93A13 /* Disk.framework in Frameworks */,
			);
			runOnlyForDeploymentPostprocessing = 0;
		};
		D716BBB4229E723700B8E759 /* Frameworks */ = {
			isa = PBXFrameworksBuildPhase;
			buildActionMask = 2147483647;
			files = (
				D716BC19229EBE4A00B8E759 /* Disk.framework in Frameworks */,
			);
			runOnlyForDeploymentPostprocessing = 0;
		};
		D716BBD2229E726500B8E759 /* Frameworks */ = {
			isa = PBXFrameworksBuildPhase;
			buildActionMask = 2147483647;
			files = (
			);
			runOnlyForDeploymentPostprocessing = 0;
		};
		D716BBE5229E727A00B8E759 /* Frameworks */ = {
			isa = PBXFrameworksBuildPhase;
			buildActionMask = 2147483647;
			files = (
			);
			runOnlyForDeploymentPostprocessing = 0;
		};
/* End PBXFrameworksBuildPhase section */

/* Begin PBXGroup section */
		1092565B1F248E8800B3C32A = {
			isa = PBXGroup;
			children = (
				D716BC0B229E8B8600B8E759 /* Common */,
				109256661F248E8800B3C32A /* DiskIOSExample */,
				D716BBAC229E723500B8E759 /* DiskWatchExample */,
				D716BBBB229E723700B8E759 /* DiskWatchExample Extension */,
				D716BBD6229E726500B8E759 /* DiskTVExample */,
				D716BBE9229E727A00B8E759 /* DiskMacExample */,
				109256651F248E8800B3C32A /* Products */,
				43A00271DAED0D8D01836231 /* Frameworks */,
			);
			sourceTree = "<group>";
		};
		109256651F248E8800B3C32A /* Products */ = {
			isa = PBXGroup;
			children = (
				109256641F248E8800B3C32A /* DiskIOSExample.app */,
				D716BBAB229E723500B8E759 /* DiskWatchExample.app */,
				D716BBB7229E723700B8E759 /* DiskWatchExample Extension.appex */,
				D716BBD5229E726500B8E759 /* DiskTVExample.app */,
				D716BBE8229E727A00B8E759 /* DiskMacExample.app */,
			);
			name = Products;
			sourceTree = "<group>";
		};
		109256661F248E8800B3C32A /* DiskIOSExample */ = {
			isa = PBXGroup;
			children = (
				109256671F248E8800B3C32A /* AppDelegate.swift */,
				109256691F248E8800B3C32A /* ViewController.swift */,
				1092566B1F248E8800B3C32A /* Main.storyboard */,
				1092566E1F248E8800B3C32A /* Assets.xcassets */,
				109256701F248E8800B3C32A /* LaunchScreen.storyboard */,
				109256731F248E8800B3C32A /* Info.plist */,
			);
			path = DiskIOSExample;
			sourceTree = "<group>";
		};
		43A00271DAED0D8D01836231 /* Frameworks */ = {
			isa = PBXGroup;
			children = (
				D716BC18229EBE4A00B8E759 /* Disk.framework */,
				D716BC16229EBC9D00B8E759 /* Disk.framework */,
				109254301F25C65100A93A13 /* Disk.framework */,
			);
			name = Frameworks;
			sourceTree = "<group>";
		};
		D716BBAC229E723500B8E759 /* DiskWatchExample */ = {
			isa = PBXGroup;
			children = (
				D716BBAD229E723500B8E759 /* Interface.storyboard */,
				D716BBB0229E723600B8E759 /* Assets.xcassets */,
				D716BBB2229E723700B8E759 /* Info.plist */,
			);
			path = DiskWatchExample;
			sourceTree = "<group>";
		};
		D716BBBB229E723700B8E759 /* DiskWatchExample Extension */ = {
			isa = PBXGroup;
			children = (
				D716BBBC229E723700B8E759 /* InterfaceController.swift */,
				D716BBBE229E723700B8E759 /* ExtensionDelegate.swift */,
				D716BBC0229E723700B8E759 /* NotificationController.swift */,
				D716BBC2229E723800B8E759 /* Assets.xcassets */,
				D716BBC4229E723800B8E759 /* Info.plist */,
				D716BBC5229E723800B8E759 /* PushNotificationPayload.apns */,
			);
			path = "DiskWatchExample Extension";
			sourceTree = "<group>";
		};
		D716BBD6229E726500B8E759 /* DiskTVExample */ = {
			isa = PBXGroup;
			children = (
				D716BBD7229E726500B8E759 /* AppDelegate.swift */,
				D716BBD9229E726500B8E759 /* ViewController.swift */,
				D716BBDB229E726500B8E759 /* Main.storyboard */,
				D716BBDE229E726700B8E759 /* Assets.xcassets */,
				D716BBE0229E726700B8E759 /* Info.plist */,
			);
			path = DiskTVExample;
			sourceTree = "<group>";
		};
		D716BBE9229E727A00B8E759 /* DiskMacExample */ = {
			isa = PBXGroup;
			children = (
				D716BBEA229E727A00B8E759 /* AppDelegate.swift */,
				D716BBEC229E727A00B8E759 /* ViewController.swift */,
				D716BBEE229E727B00B8E759 /* Assets.xcassets */,
				D716BBF0229E727B00B8E759 /* Main.storyboard */,
				D716BBF3229E727B00B8E759 /* Info.plist */,
				D716BBF4229E727B00B8E759 /* DiskMacExample.entitlements */,
			);
			path = DiskMacExample;
			sourceTree = "<group>";
		};
		D716BC0B229E8B8600B8E759 /* Common */ = {
			isa = PBXGroup;
			children = (
				D716BC0C229E8B8600B8E759 /* Post.swift */,
				D716BC0D229E8B8600B8E759 /* GetPosts.swift */,
			);
			path = Common;
			sourceTree = "<group>";
		};
/* End PBXGroup section */

/* Begin PBXNativeTarget section */
		109256631F248E8800B3C32A /* DiskIOSExample */ = {
			isa = PBXNativeTarget;
			buildConfigurationList = 109256761F248E8800B3C32A /* Build configuration list for PBXNativeTarget "DiskIOSExample" */;
			buildPhases = (
				109256601F248E8800B3C32A /* Sources */,
				109256611F248E8800B3C32A /* Frameworks */,
				109256621F248E8800B3C32A /* Resources */,
				109254331F25C65100A93A13 /* Embed Frameworks */,
				D716BBD0229E723800B8E759 /* Embed Watch Content */,
			);
			buildRules = (
			);
			dependencies = (
				D716BBC7229E723800B8E759 /* PBXTargetDependency */,
			);
			name = DiskIOSExample;
			productName = DiskExample;
			productReference = 109256641F248E8800B3C32A /* DiskIOSExample.app */;
			productType = "com.apple.product-type.application";
		};
		D716BBAA229E723500B8E759 /* DiskWatchExample */ = {
			isa = PBXNativeTarget;
			buildConfigurationList = D716BBCF229E723800B8E759 /* Build configuration list for PBXNativeTarget "DiskWatchExample" */;
			buildPhases = (
				D716BBA9229E723500B8E759 /* Resources */,
				D716BBCE229E723800B8E759 /* Embed App Extensions */,
			);
			buildRules = (
			);
			dependencies = (
				D716BBBA229E723700B8E759 /* PBXTargetDependency */,
			);
			name = DiskWatchExample;
			productName = DiskWatchExample;
			productReference = D716BBAB229E723500B8E759 /* DiskWatchExample.app */;
			productType = "com.apple.product-type.application.watchapp2";
		};
		D716BBB6229E723700B8E759 /* DiskWatchExample Extension */ = {
			isa = PBXNativeTarget;
			buildConfigurationList = D716BBCD229E723800B8E759 /* Build configuration list for PBXNativeTarget "DiskWatchExample Extension" */;
			buildPhases = (
				D716BBB3229E723700B8E759 /* Sources */,
				D716BBB4229E723700B8E759 /* Frameworks */,
				D716BBB5229E723700B8E759 /* Resources */,
			);
			buildRules = (
			);
			dependencies = (
			);
			name = "DiskWatchExample Extension";
			productName = "DiskWatchExample Extension";
			productReference = D716BBB7229E723700B8E759 /* DiskWatchExample Extension.appex */;
			productType = "com.apple.product-type.watchkit2-extension";
		};
		D716BBD4229E726500B8E759 /* DiskTVExample */ = {
			isa = PBXNativeTarget;
			buildConfigurationList = D716BBE1229E726700B8E759 /* Build configuration list for PBXNativeTarget "DiskTVExample" */;
			buildPhases = (
				D716BBD1229E726500B8E759 /* Sources */,
				D716BBD2229E726500B8E759 /* Frameworks */,
				D716BBD3229E726500B8E759 /* Resources */,
			);
			buildRules = (
			);
			dependencies = (
			);
			name = DiskTVExample;
			productName = DiskTVExample;
			productReference = D716BBD5229E726500B8E759 /* DiskTVExample.app */;
			productType = "com.apple.product-type.application";
		};
		D716BBE7229E727A00B8E759 /* DiskMacExample */ = {
			isa = PBXNativeTarget;
			buildConfigurationList = D716BBF5229E727B00B8E759 /* Build configuration list for PBXNativeTarget "DiskMacExample" */;
			buildPhases = (
				D716BBE4229E727A00B8E759 /* Sources */,
				D716BBE5229E727A00B8E759 /* Frameworks */,
				D716BBE6229E727A00B8E759 /* Resources */,
			);
			buildRules = (
			);
			dependencies = (
			);
			name = DiskMacExample;
			productName = DiskMacExample;
			productReference = D716BBE8229E727A00B8E759 /* DiskMacExample.app */;
			productType = "com.apple.product-type.application";
		};
/* End PBXNativeTarget section */

/* Begin PBXProject section */
		1092565C1F248E8800B3C32A /* Project object */ = {
			isa = PBXProject;
			attributes = {
				LastSwiftUpdateCheck = 1020;
				LastUpgradeCheck = 1020;
				ORGANIZATIONNAME = "Saoud Rizwan";
				TargetAttributes = {
					109256631F248E8800B3C32A = {
						CreatedOnToolsVersion = 9.0;
						LastSwiftMigration = 1020;
					};
					D716BBAA229E723500B8E759 = {
						CreatedOnToolsVersion = 10.2.1;
						ProvisioningStyle = Automatic;
					};
					D716BBB6229E723700B8E759 = {
						CreatedOnToolsVersion = 10.2.1;
						ProvisioningStyle = Automatic;
					};
					D716BBD4229E726500B8E759 = {
						CreatedOnToolsVersion = 10.2.1;
						ProvisioningStyle = Automatic;
					};
					D716BBE7229E727A00B8E759 = {
						CreatedOnToolsVersion = 10.2.1;
						ProvisioningStyle = Automatic;
						SystemCapabilities = {
							com.apple.Sandbox = {
								enabled = 1;
							};
						};
					};
				};
			};
			buildConfigurationList = 1092565F1F248E8800B3C32A /* Build configuration list for PBXProject "DiskExample" */;
			compatibilityVersion = "Xcode 8.0";
			developmentRegion = en;
			hasScannedForEncodings = 0;
			knownRegions = (
				en,
				Base,
			);
			mainGroup = 1092565B1F248E8800B3C32A;
			productRefGroup = 109256651F248E8800B3C32A /* Products */;
			projectDirPath = "";
			projectRoot = "";
			targets = (
				109256631F248E8800B3C32A /* DiskIOSExample */,
				D716BBAA229E723500B8E759 /* DiskWatchExample */,
				D716BBB6229E723700B8E759 /* DiskWatchExample Extension */,
				D716BBD4229E726500B8E759 /* DiskTVExample */,
				D716BBE7229E727A00B8E759 /* DiskMacExample */,
			);
		};
/* End PBXProject section */

/* Begin PBXResourcesBuildPhase section */
		109256621F248E8800B3C32A /* Resources */ = {
			isa = PBXResourcesBuildPhase;
			buildActionMask = 2147483647;
			files = (
				109256721F248E8800B3C32A /* LaunchScreen.storyboard in Resources */,
				1092566F1F248E8800B3C32A /* Assets.xcassets in Resources */,
				1092566D1F248E8800B3C32A /* Main.storyboard in Resources */,
			);
			runOnlyForDeploymentPostprocessing = 0;
		};
		D716BBA9229E723500B8E759 /* Resources */ = {
			isa = PBXResourcesBuildPhase;
			buildActionMask = 2147483647;
			files = (
				D716BBB1229E723600B8E759 /* Assets.xcassets in Resources */,
				D716BBAF229E723500B8E759 /* Interface.storyboard in Resources */,
			);
			runOnlyForDeploymentPostprocessing = 0;
		};
		D716BBB5229E723700B8E759 /* Resources */ = {
			isa = PBXResourcesBuildPhase;
			buildActionMask = 2147483647;
			files = (
				D716BBC3229E723800B8E759 /* Assets.xcassets in Resources */,
			);
			runOnlyForDeploymentPostprocessing = 0;
		};
		D716BBD3229E726500B8E759 /* Resources */ = {
			isa = PBXResourcesBuildPhase;
			buildActionMask = 2147483647;
			files = (
				D716BBDF229E726700B8E759 /* Assets.xcassets in Resources */,
				D716BBDD229E726500B8E759 /* Main.storyboard in Resources */,
			);
			runOnlyForDeploymentPostprocessing = 0;
		};
		D716BBE6229E727A00B8E759 /* Resources */ = {
			isa = PBXResourcesBuildPhase;
			buildActionMask = 2147483647;
			files = (
				D716BBEF229E727B00B8E759 /* Assets.xcassets in Resources */,
				D716BBF2229E727B00B8E759 /* Main.storyboard in Resources */,
			);
			runOnlyForDeploymentPostprocessing = 0;
		};
/* End PBXResourcesBuildPhase section */

/* Begin PBXSourcesBuildPhase section */
		109256601F248E8800B3C32A /* Sources */ = {
			isa = PBXSourcesBuildPhase;
			buildActionMask = 2147483647;
			files = (
				D716BC12229E8B8600B8E759 /* GetPosts.swift in Sources */,
				1092566A1F248E8800B3C32A /* ViewController.swift in Sources */,
				109256681F248E8800B3C32A /* AppDelegate.swift in Sources */,
				D716BC0E229E8B8600B8E759 /* Post.swift in Sources */,
			);
			runOnlyForDeploymentPostprocessing = 0;
		};
		D716BBB3229E723700B8E759 /* Sources */ = {
			isa = PBXSourcesBuildPhase;
			buildActionMask = 2147483647;
			files = (
				D716BC13229E8B8600B8E759 /* GetPosts.swift in Sources */,
				D716BBC1229E723700B8E759 /* NotificationController.swift in Sources */,
				D716BBBF229E723700B8E759 /* ExtensionDelegate.swift in Sources */,
				D716BBBD229E723700B8E759 /* InterfaceController.swift in Sources */,
				D716BC0F229E8B8600B8E759 /* Post.swift in Sources */,
			);
			runOnlyForDeploymentPostprocessing = 0;
		};
		D716BBD1229E726500B8E759 /* Sources */ = {
			isa = PBXSourcesBuildPhase;
			buildActionMask = 2147483647;
			files = (
				D716BC10229E8B8600B8E759 /* Post.swift in Sources */,
				D716BBDA229E726500B8E759 /* ViewController.swift in Sources */,
				D716BC14229E8B8600B8E759 /* GetPosts.swift in Sources */,
				D716BBD8229E726500B8E759 /* AppDelegate.swift in Sources */,
			);
			runOnlyForDeploymentPostprocessing = 0;
		};
		D716BBE4229E727A00B8E759 /* Sources */ = {
			isa = PBXSourcesBuildPhase;
			buildActionMask = 2147483647;
			files = (
				D716BC11229E8B8600B8E759 /* Post.swift in Sources */,
				D716BBED229E727A00B8E759 /* ViewController.swift in Sources */,
				D716BC15229E8B8600B8E759 /* GetPosts.swift in Sources */,
				D716BBEB229E727A00B8E759 /* AppDelegate.swift in Sources */,
			);
			runOnlyForDeploymentPostprocessing = 0;
		};
/* End PBXSourcesBuildPhase section */

/* Begin PBXTargetDependency section */
		D716BBBA229E723700B8E759 /* PBXTargetDependency */ = {
			isa = PBXTargetDependency;
			target = D716BBB6229E723700B8E759 /* DiskWatchExample Extension */;
			targetProxy = D716BBB9229E723700B8E759 /* PBXContainerItemProxy */;
		};
		D716BBC7229E723800B8E759 /* PBXTargetDependency */ = {
			isa = PBXTargetDependency;
			target = D716BBAA229E723500B8E759 /* DiskWatchExample */;
			targetProxy = D716BBC6229E723800B8E759 /* PBXContainerItemProxy */;
		};
/* End PBXTargetDependency section */

/* Begin PBXVariantGroup section */
		1092566B1F248E8800B3C32A /* Main.storyboard */ = {
			isa = PBXVariantGroup;
			children = (
				1092566C1F248E8800B3C32A /* Base */,
			);
			name = Main.storyboard;
			sourceTree = "<group>";
		};
		109256701F248E8800B3C32A /* LaunchScreen.storyboard */ = {
			isa = PBXVariantGroup;
			children = (
				109256711F248E8800B3C32A /* Base */,
			);
			name = LaunchScreen.storyboard;
			sourceTree = "<group>";
		};
		D716BBAD229E723500B8E759 /* Interface.storyboard */ = {
			isa = PBXVariantGroup;
			children = (
				D716BBAE229E723500B8E759 /* Base */,
			);
			name = Interface.storyboard;
			sourceTree = "<group>";
		};
		D716BBDB229E726500B8E759 /* Main.storyboard */ = {
			isa = PBXVariantGroup;
			children = (
				D716BBDC229E726500B8E759 /* Base */,
			);
			name = Main.storyboard;
			sourceTree = "<group>";
		};
		D716BBF0229E727B00B8E759 /* Main.storyboard */ = {
			isa = PBXVariantGroup;
			children = (
				D716BBF1229E727B00B8E759 /* Base */,
			);
			name = Main.storyboard;
			sourceTree = "<group>";
		};
/* End PBXVariantGroup section */

/* Begin XCBuildConfiguration section */
		109256741F248E8800B3C32A /* Debug */ = {
			isa = XCBuildConfiguration;
			buildSettings = {
				ALWAYS_SEARCH_USER_PATHS = NO;
				CLANG_ANALYZER_NONNULL = YES;
				CLANG_ANALYZER_NUMBER_OBJECT_CONVERSION = YES_AGGRESSIVE;
				CLANG_CXX_LANGUAGE_STANDARD = "gnu++14";
				CLANG_CXX_LIBRARY = "libc++";
				CLANG_ENABLE_MODULES = YES;
				CLANG_ENABLE_OBJC_ARC = YES;
				CLANG_WARN_BLOCK_CAPTURE_AUTORELEASING = YES;
				CLANG_WARN_BOOL_CONVERSION = YES;
				CLANG_WARN_COMMA = YES;
				CLANG_WARN_CONSTANT_CONVERSION = YES;
				CLANG_WARN_DEPRECATED_OBJC_IMPLEMENTATIONS = YES;
				CLANG_WARN_DIRECT_OBJC_ISA_USAGE = YES_ERROR;
				CLANG_WARN_DOCUMENTATION_COMMENTS = YES;
				CLANG_WARN_EMPTY_BODY = YES;
				CLANG_WARN_ENUM_CONVERSION = YES;
				CLANG_WARN_INFINITE_RECURSION = YES;
				CLANG_WARN_INT_CONVERSION = YES;
				CLANG_WARN_NON_LITERAL_NULL_CONVERSION = YES;
				CLANG_WARN_OBJC_IMPLICIT_RETAIN_SELF = YES;
				CLANG_WARN_OBJC_LITERAL_CONVERSION = YES;
				CLANG_WARN_OBJC_ROOT_CLASS = YES_ERROR;
				CLANG_WARN_RANGE_LOOP_ANALYSIS = YES;
				CLANG_WARN_STRICT_PROTOTYPES = YES;
				CLANG_WARN_SUSPICIOUS_MOVE = YES;
				CLANG_WARN_UNGUARDED_AVAILABILITY = YES_AGGRESSIVE;
				CLANG_WARN_UNREACHABLE_CODE = YES;
				CLANG_WARN__DUPLICATE_METHOD_MATCH = YES;
				CODE_SIGN_IDENTITY = "iPhone Developer";
				COPY_PHASE_STRIP = NO;
				DEBUG_INFORMATION_FORMAT = dwarf;
				ENABLE_STRICT_OBJC_MSGSEND = YES;
				ENABLE_TESTABILITY = YES;
				GCC_C_LANGUAGE_STANDARD = gnu11;
				GCC_DYNAMIC_NO_PIC = NO;
				GCC_NO_COMMON_BLOCKS = YES;
				GCC_OPTIMIZATION_LEVEL = 0;
				GCC_PREPROCESSOR_DEFINITIONS = (
					"DEBUG=1",
					"$(inherited)",
				);
				GCC_WARN_64_TO_32_BIT_CONVERSION = YES;
				GCC_WARN_ABOUT_RETURN_TYPE = YES_ERROR;
				GCC_WARN_UNDECLARED_SELECTOR = YES;
				GCC_WARN_UNINITIALIZED_AUTOS = YES_AGGRESSIVE;
				GCC_WARN_UNUSED_FUNCTION = YES;
				GCC_WARN_UNUSED_VARIABLE = YES;
				IPHONEOS_DEPLOYMENT_TARGET = 11.0;
				MTL_ENABLE_DEBUG_INFO = YES;
				ONLY_ACTIVE_ARCH = YES;
				SDKROOT = iphoneos;
				SWIFT_ACTIVE_COMPILATION_CONDITIONS = DEBUG;
				SWIFT_OPTIMIZATION_LEVEL = "-Onone";
			};
			name = Debug;
		};
		109256751F248E8800B3C32A /* Release */ = {
			isa = XCBuildConfiguration;
			buildSettings = {
				ALWAYS_SEARCH_USER_PATHS = NO;
				CLANG_ANALYZER_NONNULL = YES;
				CLANG_ANALYZER_NUMBER_OBJECT_CONVERSION = YES_AGGRESSIVE;
				CLANG_CXX_LANGUAGE_STANDARD = "gnu++14";
				CLANG_CXX_LIBRARY = "libc++";
				CLANG_ENABLE_MODULES = YES;
				CLANG_ENABLE_OBJC_ARC = YES;
				CLANG_WARN_BLOCK_CAPTURE_AUTORELEASING = YES;
				CLANG_WARN_BOOL_CONVERSION = YES;
				CLANG_WARN_COMMA = YES;
				CLANG_WARN_CONSTANT_CONVERSION = YES;
				CLANG_WARN_DEPRECATED_OBJC_IMPLEMENTATIONS = YES;
				CLANG_WARN_DIRECT_OBJC_ISA_USAGE = YES_ERROR;
				CLANG_WARN_DOCUMENTATION_COMMENTS = YES;
				CLANG_WARN_EMPTY_BODY = YES;
				CLANG_WARN_ENUM_CONVERSION = YES;
				CLANG_WARN_INFINITE_RECURSION = YES;
				CLANG_WARN_INT_CONVERSION = YES;
				CLANG_WARN_NON_LITERAL_NULL_CONVERSION = YES;
				CLANG_WARN_OBJC_IMPLICIT_RETAIN_SELF = YES;
				CLANG_WARN_OBJC_LITERAL_CONVERSION = YES;
				CLANG_WARN_OBJC_ROOT_CLASS = YES_ERROR;
				CLANG_WARN_RANGE_LOOP_ANALYSIS = YES;
				CLANG_WARN_STRICT_PROTOTYPES = YES;
				CLANG_WARN_SUSPICIOUS_MOVE = YES;
				CLANG_WARN_UNGUARDED_AVAILABILITY = YES_AGGRESSIVE;
				CLANG_WARN_UNREACHABLE_CODE = YES;
				CLANG_WARN__DUPLICATE_METHOD_MATCH = YES;
				CODE_SIGN_IDENTITY = "iPhone Developer";
				COPY_PHASE_STRIP = NO;
				DEBUG_INFORMATION_FORMAT = "dwarf-with-dsym";
				ENABLE_NS_ASSERTIONS = NO;
				ENABLE_STRICT_OBJC_MSGSEND = YES;
				GCC_C_LANGUAGE_STANDARD = gnu11;
				GCC_NO_COMMON_BLOCKS = YES;
				GCC_WARN_64_TO_32_BIT_CONVERSION = YES;
				GCC_WARN_ABOUT_RETURN_TYPE = YES_ERROR;
				GCC_WARN_UNDECLARED_SELECTOR = YES;
				GCC_WARN_UNINITIALIZED_AUTOS = YES_AGGRESSIVE;
				GCC_WARN_UNUSED_FUNCTION = YES;
				GCC_WARN_UNUSED_VARIABLE = YES;
				IPHONEOS_DEPLOYMENT_TARGET = 11.0;
				MTL_ENABLE_DEBUG_INFO = NO;
				SDKROOT = iphoneos;
				SWIFT_OPTIMIZATION_LEVEL = "-Owholemodule";
				VALIDATE_PRODUCT = YES;
			};
			name = Release;
		};
		109256771F248E8800B3C32A /* Debug */ = {
			isa = XCBuildConfiguration;
			buildSettings = {
				ASSETCATALOG_COMPILER_APPICON_NAME = AppIcon;
				DEVELOPMENT_TEAM = "";
				INFOPLIST_FILE = DiskIOSExample/Info.plist;
				IPHONEOS_DEPLOYMENT_TARGET = 10.0;
				LD_RUNPATH_SEARCH_PATHS = "$(inherited) @executable_path/Frameworks";
				PRODUCT_BUNDLE_IDENTIFIER = saoudrizwan.DiskExample;
				PRODUCT_NAME = "$(TARGET_NAME)";
				SWIFT_VERSION = 5.0;
				TARGETED_DEVICE_FAMILY = "1,2";
			};
			name = Debug;
		};
		109256781F248E8800B3C32A /* Release */ = {
			isa = XCBuildConfiguration;
			buildSettings = {
				ASSETCATALOG_COMPILER_APPICON_NAME = AppIcon;
				DEVELOPMENT_TEAM = "";
				INFOPLIST_FILE = DiskIOSExample/Info.plist;
				IPHONEOS_DEPLOYMENT_TARGET = 10.0;
				LD_RUNPATH_SEARCH_PATHS = "$(inherited) @executable_path/Frameworks";
				PRODUCT_BUNDLE_IDENTIFIER = saoudrizwan.DiskExample;
				PRODUCT_NAME = "$(TARGET_NAME)";
				SWIFT_VERSION = 5.0;
				TARGETED_DEVICE_FAMILY = "1,2";
			};
			name = Release;
		};
		D716BBC9229E723800B8E759 /* Debug */ = {
			isa = XCBuildConfiguration;
			buildSettings = {
				ALWAYS_EMBED_SWIFT_STANDARD_LIBRARIES = YES;
				ASSETCATALOG_COMPILER_APPICON_NAME = AppIcon;
				CLANG_ENABLE_OBJC_WEAK = YES;
				CODE_SIGN_STYLE = Automatic;
				DEVELOPMENT_TEAM = "";
				IBSC_MODULE = DiskWatchExample_Extension;
				INFOPLIST_FILE = DiskWatchExample/Info.plist;
				MTL_ENABLE_DEBUG_INFO = INCLUDE_SOURCE;
				MTL_FAST_MATH = YES;
				PRODUCT_BUNDLE_IDENTIFIER = saoudrizwan.DiskExample.watchkitapp;
				PRODUCT_NAME = "$(TARGET_NAME)";
				SDKROOT = watchos;
				SKIP_INSTALL = YES;
				SWIFT_VERSION = 5.0;
				TARGETED_DEVICE_FAMILY = 4;
				WATCHOS_DEPLOYMENT_TARGET = 5.2;
			};
			name = Debug;
		};
		D716BBCA229E723800B8E759 /* Release */ = {
			isa = XCBuildConfiguration;
			buildSettings = {
				ALWAYS_EMBED_SWIFT_STANDARD_LIBRARIES = YES;
				ASSETCATALOG_COMPILER_APPICON_NAME = AppIcon;
				CLANG_ENABLE_OBJC_WEAK = YES;
				CODE_SIGN_STYLE = Automatic;
				DEVELOPMENT_TEAM = "";
				IBSC_MODULE = DiskWatchExample_Extension;
				INFOPLIST_FILE = DiskWatchExample/Info.plist;
				MTL_FAST_MATH = YES;
				PRODUCT_BUNDLE_IDENTIFIER = saoudrizwan.DiskExample.watchkitapp;
				PRODUCT_NAME = "$(TARGET_NAME)";
				SDKROOT = watchos;
				SKIP_INSTALL = YES;
				SWIFT_VERSION = 5.0;
				TARGETED_DEVICE_FAMILY = 4;
				WATCHOS_DEPLOYMENT_TARGET = 5.2;
			};
			name = Release;
		};
		D716BBCB229E723800B8E759 /* Debug */ = {
			isa = XCBuildConfiguration;
			buildSettings = {
				ASSETCATALOG_COMPILER_COMPLICATION_NAME = Complication;
				CLANG_ENABLE_OBJC_WEAK = YES;
				CODE_SIGN_STYLE = Automatic;
				DEVELOPMENT_TEAM = XC939GDC9P;
				INFOPLIST_FILE = "DiskWatchExample Extension/Info.plist";
				LD_RUNPATH_SEARCH_PATHS = "$(inherited) @executable_path/Frameworks @executable_path/../../Frameworks";
				MTL_ENABLE_DEBUG_INFO = INCLUDE_SOURCE;
				MTL_FAST_MATH = YES;
				PRODUCT_BUNDLE_IDENTIFIER = saoudrizwan.DiskExample.watchkitapp.watchkitextension;
				PRODUCT_NAME = "${TARGET_NAME}";
				SDKROOT = watchos;
				SKIP_INSTALL = YES;
				SWIFT_VERSION = 5.0;
				TARGETED_DEVICE_FAMILY = 4;
				WATCHOS_DEPLOYMENT_TARGET = 5.2;
			};
			name = Debug;
		};
		D716BBCC229E723800B8E759 /* Release */ = {
			isa = XCBuildConfiguration;
			buildSettings = {
				ASSETCATALOG_COMPILER_COMPLICATION_NAME = Complication;
				CLANG_ENABLE_OBJC_WEAK = YES;
				CODE_SIGN_STYLE = Automatic;
				DEVELOPMENT_TEAM = XC939GDC9P;
				INFOPLIST_FILE = "DiskWatchExample Extension/Info.plist";
				LD_RUNPATH_SEARCH_PATHS = "$(inherited) @executable_path/Frameworks @executable_path/../../Frameworks";
				MTL_FAST_MATH = YES;
				PRODUCT_BUNDLE_IDENTIFIER = saoudrizwan.DiskExample.watchkitapp.watchkitextension;
				PRODUCT_NAME = "${TARGET_NAME}";
				SDKROOT = watchos;
				SKIP_INSTALL = YES;
				SWIFT_VERSION = 5.0;
				TARGETED_DEVICE_FAMILY = 4;
				WATCHOS_DEPLOYMENT_TARGET = 5.2;
			};
			name = Release;
		};
		D716BBE2229E726700B8E759 /* Debug */ = {
			isa = XCBuildConfiguration;
			buildSettings = {
				ASSETCATALOG_COMPILER_APPICON_NAME = "App Icon & Top Shelf Image";
				ASSETCATALOG_COMPILER_LAUNCHIMAGE_NAME = LaunchImage;
				CLANG_ENABLE_OBJC_WEAK = YES;
				CODE_SIGN_STYLE = Automatic;
				DEVELOPMENT_TEAM = "";
				INFOPLIST_FILE = DiskTVExample/Info.plist;
				LD_RUNPATH_SEARCH_PATHS = "$(inherited) @executable_path/Frameworks";
				MTL_ENABLE_DEBUG_INFO = INCLUDE_SOURCE;
				MTL_FAST_MATH = YES;
				PRODUCT_BUNDLE_IDENTIFIER = saoudrizwan.DiskTVExample;
				PRODUCT_NAME = "$(TARGET_NAME)";
				SDKROOT = appletvos;
				SWIFT_VERSION = 5.0;
				TARGETED_DEVICE_FAMILY = 3;
				TVOS_DEPLOYMENT_TARGET = 12.2;
			};
			name = Debug;
		};
		D716BBE3229E726700B8E759 /* Release */ = {
			isa = XCBuildConfiguration;
			buildSettings = {
				ASSETCATALOG_COMPILER_APPICON_NAME = "App Icon & Top Shelf Image";
				ASSETCATALOG_COMPILER_LAUNCHIMAGE_NAME = LaunchImage;
				CLANG_ENABLE_OBJC_WEAK = YES;
				CODE_SIGN_STYLE = Automatic;
				DEVELOPMENT_TEAM = "";
				INFOPLIST_FILE = DiskTVExample/Info.plist;
				LD_RUNPATH_SEARCH_PATHS = "$(inherited) @executable_path/Frameworks";
				MTL_FAST_MATH = YES;
				PRODUCT_BUNDLE_IDENTIFIER = saoudrizwan.DiskTVExample;
				PRODUCT_NAME = "$(TARGET_NAME)";
				SDKROOT = appletvos;
				SWIFT_VERSION = 5.0;
				TARGETED_DEVICE_FAMILY = 3;
				TVOS_DEPLOYMENT_TARGET = 12.2;
			};
			name = Release;
		};
		D716BBF6229E727B00B8E759 /* Debug */ = {
			isa = XCBuildConfiguration;
			buildSettings = {
				ASSETCATALOG_COMPILER_APPICON_NAME = AppIcon;
				CLANG_ENABLE_OBJC_WEAK = YES;
				CODE_SIGN_ENTITLEMENTS = DiskMacExample/DiskMacExample.entitlements;
				CODE_SIGN_IDENTITY = "Mac Developer";
				CODE_SIGN_STYLE = Automatic;
				COMBINE_HIDPI_IMAGES = YES;
				DEVELOPMENT_TEAM = "";
				INFOPLIST_FILE = DiskMacExample/Info.plist;
				LD_RUNPATH_SEARCH_PATHS = "$(inherited) @executable_path/../Frameworks";
				MACOSX_DEPLOYMENT_TARGET = 10.14;
				MTL_ENABLE_DEBUG_INFO = INCLUDE_SOURCE;
				MTL_FAST_MATH = YES;
				PRODUCT_BUNDLE_IDENTIFIER = saoudrizwan.DiskMacExample;
				PRODUCT_NAME = "$(TARGET_NAME)";
				SDKROOT = macosx;
				SWIFT_VERSION = 5.0;
			};
			name = Debug;
		};
		D716BBF7229E727B00B8E759 /* Release */ = {
			isa = XCBuildConfiguration;
			buildSettings = {
				ASSETCATALOG_COMPILER_APPICON_NAME = AppIcon;
				CLANG_ENABLE_OBJC_WEAK = YES;
				CODE_SIGN_ENTITLEMENTS = DiskMacExample/DiskMacExample.entitlements;
				CODE_SIGN_IDENTITY = "Mac Developer";
				CODE_SIGN_STYLE = Automatic;
				COMBINE_HIDPI_IMAGES = YES;
				DEVELOPMENT_TEAM = "";
				INFOPLIST_FILE = DiskMacExample/Info.plist;
				LD_RUNPATH_SEARCH_PATHS = "$(inherited) @executable_path/../Frameworks";
				MACOSX_DEPLOYMENT_TARGET = 10.14;
				MTL_FAST_MATH = YES;
				PRODUCT_BUNDLE_IDENTIFIER = saoudrizwan.DiskMacExample;
				PRODUCT_NAME = "$(TARGET_NAME)";
				SDKROOT = macosx;
				SWIFT_VERSION = 5.0;
			};
			name = Release;
		};
/* End XCBuildConfiguration section */

/* Begin XCConfigurationList section */
		1092565F1F248E8800B3C32A /* Build configuration list for PBXProject "DiskExample" */ = {
			isa = XCConfigurationList;
			buildConfigurations = (
				109256741F248E8800B3C32A /* Debug */,
				109256751F248E8800B3C32A /* Release */,
			);
			defaultConfigurationIsVisible = 0;
			defaultConfigurationName = Release;
		};
		109256761F248E8800B3C32A /* Build configuration list for PBXNativeTarget "DiskIOSExample" */ = {
			isa = XCConfigurationList;
			buildConfigurations = (
				109256771F248E8800B3C32A /* Debug */,
				109256781F248E8800B3C32A /* Release */,
			);
			defaultConfigurationIsVisible = 0;
			defaultConfigurationName = Release;
		};
		D716BBCD229E723800B8E759 /* Build configuration list for PBXNativeTarget "DiskWatchExample Extension" */ = {
			isa = XCConfigurationList;
			buildConfigurations = (
				D716BBCB229E723800B8E759 /* Debug */,
				D716BBCC229E723800B8E759 /* Release */,
			);
			defaultConfigurationIsVisible = 0;
			defaultConfigurationName = Release;
		};
		D716BBCF229E723800B8E759 /* Build configuration list for PBXNativeTarget "DiskWatchExample" */ = {
			isa = XCConfigurationList;
			buildConfigurations = (
				D716BBC9229E723800B8E759 /* Debug */,
				D716BBCA229E723800B8E759 /* Release */,
			);
			defaultConfigurationIsVisible = 0;
			defaultConfigurationName = Release;
		};
		D716BBE1229E726700B8E759 /* Build configuration list for PBXNativeTarget "DiskTVExample" */ = {
			isa = XCConfigurationList;
			buildConfigurations = (
				D716BBE2229E726700B8E759 /* Debug */,
				D716BBE3229E726700B8E759 /* Release */,
			);
			defaultConfigurationIsVisible = 0;
			defaultConfigurationName = Release;
		};
		D716BBF5229E727B00B8E759 /* Build configuration list for PBXNativeTarget "DiskMacExample" */ = {
			isa = XCConfigurationList;
			buildConfigurations = (
				D716BBF6229E727B00B8E759 /* Debug */,
				D716BBF7229E727B00B8E759 /* Release */,
			);
			defaultConfigurationIsVisible = 0;
			defaultConfigurationName = Release;
		};
/* End XCConfigurationList section */
	};
	rootObject = 1092565C1F248E8800B3C32A /* Project object */;
}
